
Microsoft Visual Studio Solution File, Format Version 12.00
# Visual Studio Version 16
VisualStudioVersion = 16.0.28922.388
MinimumVisualStudioVersion = 10.0.40219.1
Project("{FAE04EC0-301F-11D3-BF4B-00C04F79EFBC}") = "WindowsFormsApp3", "WindowsFormsApp3\WindowsFormsApp3.csproj", "{AA811381-5DD6-4FB6-AD4E-F8203B7844B6}"
EndProject
Global
	GlobalSection(SolutionConfigurationPlatforms) = preSolution
		Debug|Any CPU = Debug|Any CPU
		Release|Any CPU = Release|Any CPU
	EndGlobalSection
	GlobalSection(ProjectConfigurationPlatforms) = postSolution
		{AA811381-5DD6-4FB6-AD4E-F8203B7844B6}.Debug|Any CPU.ActiveCfg = Debug|Any CPU
		{AA811381-5DD6-4FB6-AD4E-F8203B7844B6}.Debug|Any CPU.Build.0 = Debug|Any CPU
		{AA811381-5DD6-4FB6-AD4E-F8203B7844B6}.Release|Any CPU.ActiveCfg = Release|Any CPU
		{AA811381-5DD6-4FB6-AD4E-F8203B7844B6}.Release|Any CPU.Build.0 = Release|Any CPU
	EndGlobalSection
	GlobalSection(SolutionProperties) = preSolution
		HideSolutionNode = FALSE
	EndGlobalSection
	GlobalSection(ExtensibilityGlobals) = postSolution
		SolutionGuid = {C4A3FB53-220B-480D-A407-9ED28C246120}
	EndGlobalSection
EndGlobal
